// !$*UTF8*$!
{
	archiveVersion = 1;
	classes = {
	};
	objectVersion = 46;
	objects = {

/* Begin PBXBuildFile section */
		02AF341B1BDB8F7500892694 /* Product.swift in Sources */ = {isa = PBXBuildFile; fileRef = 02AF341A1BDB8F7500892694 /* Product.swift */; };
		776F91D51BDB7AF500CD1B22 /* AppDelegate.swift in Sources */ = {isa = PBXBuildFile; fileRef = 776F91D41BDB7AF500CD1B22 /* AppDelegate.swift */; };
		776F91D71BDB7AF500CD1B22 /* ViewController.swift in Sources */ = {isa = PBXBuildFile; fileRef = 776F91D61BDB7AF500CD1B22 /* ViewController.swift */; };
		776F91DA1BDB7AF500CD1B22 /* Main.storyboard in Resources */ = {isa = PBXBuildFile; fileRef = 776F91D81BDB7AF500CD1B22 /* Main.storyboard */; };
		776F91DC1BDB7AF500CD1B22 /* Images.xcassets in Resources */ = {isa = PBXBuildFile; fileRef = 776F91DB1BDB7AF500CD1B22 /* Images.xcassets */; };
		776F91DF1BDB7AF500CD1B22 /* LaunchScreen.xib in Resources */ = {isa = PBXBuildFile; fileRef = 776F91DD1BDB7AF500CD1B22 /* LaunchScreen.xib */; };
		776F91EB1BDB7AF600CD1B22 /* SpendingTargetTests.swift in Sources */ = {isa = PBXBuildFile; fileRef = 776F91EA1BDB7AF600CD1B22 /* SpendingTargetTests.swift */; };
		77E22D0D1BDBA4BC00E65D8D /* JSONfuncs.swift in Sources */ = {isa = PBXBuildFile; fileRef = 77E22D0C1BDBA4BC00E65D8D /* JSONfuncs.swift */; };
		77E22D0F1BDBA56900E65D8D /* SwiftyJSON.swift in Sources */ = {isa = PBXBuildFile; fileRef = 77E22D0E1BDBA56900E65D8D /* SwiftyJSON.swift */; };
/* End PBXBuildFile section */

/* Begin PBXContainerItemProxy section */
		776F91E51BDB7AF500CD1B22 /* PBXContainerItemProxy */ = {
			isa = PBXContainerItemProxy;
			containerPortal = 776F91C71BDB7AF500CD1B22 /* Project object */;
			proxyType = 1;
			remoteGlobalIDString = 776F91CE1BDB7AF500CD1B22;
			remoteInfo = SpendingTarget;
		};
		77C779041BDBB2CF00C290E4 /* PBXContainerItemProxy */ = {
			isa = PBXContainerItemProxy;
			containerPortal = 77C778FA1BDBB2CF00C290E4 /* Alamofire.xcodeproj */;
			proxyType = 2;
			remoteGlobalIDString = F8111E3319A95C8B0040E7D1;
			remoteInfo = "Alamofire iOS";
		};
		77C779061BDBB2CF00C290E4 /* PBXContainerItemProxy */ = {
			isa = PBXContainerItemProxy;
			containerPortal = 77C778FA1BDBB2CF00C290E4 /* Alamofire.xcodeproj */;
			proxyType = 2;
			remoteGlobalIDString = F8111E3E19A95C8B0040E7D1;
			remoteInfo = "Alamofire iOS Tests";
		};
		77C779081BDBB2CF00C290E4 /* PBXContainerItemProxy */ = {
			isa = PBXContainerItemProxy;
			containerPortal = 77C778FA1BDBB2CF00C290E4 /* Alamofire.xcodeproj */;
			proxyType = 2;
			remoteGlobalIDString = 4DD67C0B1A5C55C900ED2280;
			remoteInfo = "Alamofire OSX";
		};
		77C7790A1BDBB2CF00C290E4 /* PBXContainerItemProxy */ = {
			isa = PBXContainerItemProxy;
			containerPortal = 77C778FA1BDBB2CF00C290E4 /* Alamofire.xcodeproj */;
			proxyType = 2;
			remoteGlobalIDString = F829C6B21A7A94F100A2CD59;
			remoteInfo = "Alamofire OSX Tests";
		};
		77C7790C1BDBB2CF00C290E4 /* PBXContainerItemProxy */ = {
			isa = PBXContainerItemProxy;
			containerPortal = 77C778FA1BDBB2CF00C290E4 /* Alamofire.xcodeproj */;
			proxyType = 2;
			remoteGlobalIDString = 4CF626EF1BA7CB3E0011A099;
			remoteInfo = "Alamofire tvOS";
		};
		77C7790E1BDBB2CF00C290E4 /* PBXContainerItemProxy */ = {
			isa = PBXContainerItemProxy;
			containerPortal = 77C778FA1BDBB2CF00C290E4 /* Alamofire.xcodeproj */;
			proxyType = 2;
			remoteGlobalIDString = 4CF626F81BA7CB3E0011A099;
			remoteInfo = "Alamofire tvOS Tests";
		};
		77C779101BDBB2CF00C290E4 /* PBXContainerItemProxy */ = {
			isa = PBXContainerItemProxy;
			containerPortal = 77C778FA1BDBB2CF00C290E4 /* Alamofire.xcodeproj */;
			proxyType = 2;
			remoteGlobalIDString = E4202FE01B667AA100C997FB;
			remoteInfo = "Alamofire watchOS";
		};
/* End PBXContainerItemProxy section */

/* Begin PBXFileReference section */
		02AF341A1BDB8F7500892694 /* Product.swift */ = {isa = PBXFileReference; fileEncoding = 4; lastKnownFileType = sourcecode.swift; path = Product.swift; sourceTree = "<group>"; };
		776F91CF1BDB7AF500CD1B22 /* SpendingTarget.app */ = {isa = PBXFileReference; explicitFileType = wrapper.application; includeInIndex = 0; path = SpendingTarget.app; sourceTree = BUILT_PRODUCTS_DIR; };
		776F91D31BDB7AF500CD1B22 /* Info.plist */ = {isa = PBXFileReference; lastKnownFileType = text.plist.xml; path = Info.plist; sourceTree = "<group>"; };
		776F91D41BDB7AF500CD1B22 /* AppDelegate.swift */ = {isa = PBXFileReference; lastKnownFileType = sourcecode.swift; path = AppDelegate.swift; sourceTree = "<group>"; };
		776F91D61BDB7AF500CD1B22 /* ViewController.swift */ = {isa = PBXFileReference; lastKnownFileType = sourcecode.swift; path = ViewController.swift; sourceTree = "<group>"; };
		776F91D91BDB7AF500CD1B22 /* Base */ = {isa = PBXFileReference; lastKnownFileType = file.storyboard; name = Base; path = Base.lproj/Main.storyboard; sourceTree = "<group>"; };
		776F91DB1BDB7AF500CD1B22 /* Images.xcassets */ = {isa = PBXFileReference; lastKnownFileType = folder.assetcatalog; path = Images.xcassets; sourceTree = "<group>"; };
		776F91DE1BDB7AF500CD1B22 /* Base */ = {isa = PBXFileReference; lastKnownFileType = file.xib; name = Base; path = Base.lproj/LaunchScreen.xib; sourceTree = "<group>"; };
		776F91E41BDB7AF500CD1B22 /* SpendingTargetTests.xctest */ = {isa = PBXFileReference; explicitFileType = wrapper.cfbundle; includeInIndex = 0; path = SpendingTargetTests.xctest; sourceTree = BUILT_PRODUCTS_DIR; };
		776F91E91BDB7AF600CD1B22 /* Info.plist */ = {isa = PBXFileReference; lastKnownFileType = text.plist.xml; path = Info.plist; sourceTree = "<group>"; };
		776F91EA1BDB7AF600CD1B22 /* SpendingTargetTests.swift */ = {isa = PBXFileReference; lastKnownFileType = sourcecode.swift; path = SpendingTargetTests.swift; sourceTree = "<group>"; };
		77C778FA1BDBB2CF00C290E4 /* Alamofire.xcodeproj */ = {isa = PBXFileReference; lastKnownFileType = "wrapper.pb-project"; name = Alamofire.xcodeproj; path = Alamofire/Alamofire.xcodeproj; sourceTree = "<group>"; };
		77E22D0C1BDBA4BC00E65D8D /* JSONfuncs.swift */ = {isa = PBXFileReference; fileEncoding = 4; lastKnownFileType = sourcecode.swift; path = JSONfuncs.swift; sourceTree = "<group>"; };
		77E22D0E1BDBA56900E65D8D /* SwiftyJSON.swift */ = {isa = PBXFileReference; fileEncoding = 4; lastKnownFileType = sourcecode.swift; name = SwiftyJSON.swift; path = ../SwiftyJSON.swift; sourceTree = "<group>"; };
/* End PBXFileReference section */

/* Begin PBXFrameworksBuildPhase section */
		776F91CC1BDB7AF500CD1B22 /* Frameworks */ = {
			isa = PBXFrameworksBuildPhase;
			buildActionMask = 2147483647;
			files = (
			);
			runOnlyForDeploymentPostprocessing = 0;
		};
		776F91E11BDB7AF500CD1B22 /* Frameworks */ = {
			isa = PBXFrameworksBuildPhase;
			buildActionMask = 2147483647;
			files = (
			);
			runOnlyForDeploymentPostprocessing = 0;
		};
/* End PBXFrameworksBuildPhase section */

/* Begin PBXGroup section */
		776F91C61BDB7AF500CD1B22 = {
			isa = PBXGroup;
			children = (
				776F91D11BDB7AF500CD1B22 /* SpendingTarget */,
				776F91E71BDB7AF500CD1B22 /* SpendingTargetTests */,
				776F91D01BDB7AF500CD1B22 /* Products */,
				77C778FA1BDBB2CF00C290E4 /* Alamofire.xcodeproj */,
			);
			sourceTree = "<group>";
		};
		776F91D01BDB7AF500CD1B22 /* Products */ = {
			isa = PBXGroup;
			children = (
				776F91CF1BDB7AF500CD1B22 /* SpendingTarget.app */,
				776F91E41BDB7AF500CD1B22 /* SpendingTargetTests.xctest */,
			);
			name = Products;
			sourceTree = "<group>";
		};
		776F91D11BDB7AF500CD1B22 /* SpendingTarget */ = {
			isa = PBXGroup;
			children = (
				77E22D0E1BDBA56900E65D8D /* SwiftyJSON.swift */,
				776F91D41BDB7AF500CD1B22 /* AppDelegate.swift */,
				776F91D61BDB7AF500CD1B22 /* ViewController.swift */,
				02AF341A1BDB8F7500892694 /* Product.swift */,
				776F91D81BDB7AF500CD1B22 /* Main.storyboard */,
				776F91DB1BDB7AF500CD1B22 /* Images.xcassets */,
				776F91DD1BDB7AF500CD1B22 /* LaunchScreen.xib */,
				776F91D21BDB7AF500CD1B22 /* Supporting Files */,
				77E22D0C1BDBA4BC00E65D8D /* JSONfuncs.swift */,
			);
			path = SpendingTarget;
			sourceTree = "<group>";
		};
		776F91D21BDB7AF500CD1B22 /* Supporting Files */ = {
			isa = PBXGroup;
			children = (
				776F91D31BDB7AF500CD1B22 /* Info.plist */,
			);
			name = "Supporting Files";
			sourceTree = "<group>";
		};
		776F91E71BDB7AF500CD1B22 /* SpendingTargetTests */ = {
			isa = PBXGroup;
			children = (
				776F91EA1BDB7AF600CD1B22 /* SpendingTargetTests.swift */,
				776F91E81BDB7AF600CD1B22 /* Supporting Files */,
			);
			path = SpendingTargetTests;
			sourceTree = "<group>";
		};
		776F91E81BDB7AF600CD1B22 /* Supporting Files */ = {
			isa = PBXGroup;
			children = (
				776F91E91BDB7AF600CD1B22 /* Info.plist */,
			);
			name = "Supporting Files";
			sourceTree = "<group>";
		};
		77C778FB1BDBB2CF00C290E4 /* Products */ = {
			isa = PBXGroup;
			children = (
				77C779051BDBB2CF00C290E4 /* Alamofire.framework */,
				77C779071BDBB2CF00C290E4 /* Alamofire iOS Tests.xctest */,
				77C779091BDBB2CF00C290E4 /* Alamofire.framework */,
				77C7790B1BDBB2CF00C290E4 /* Alamofire OSX Tests.xctest */,
				77C7790D1BDBB2CF00C290E4 /* Alamofire.framework */,
				77C7790F1BDBB2CF00C290E4 /* Alamofire tvOS Tests.xctest */,
				77C779111BDBB2CF00C290E4 /* Alamofire.framework */,
			);
			name = Products;
			sourceTree = "<group>";
		};
/* End PBXGroup section */

/* Begin PBXNativeTarget section */
		776F91CE1BDB7AF500CD1B22 /* SpendingTarget */ = {
			isa = PBXNativeTarget;
			buildConfigurationList = 776F91EE1BDB7AF600CD1B22 /* Build configuration list for PBXNativeTarget "SpendingTarget" */;
			buildPhases = (
				776F91CB1BDB7AF500CD1B22 /* Sources */,
				776F91CC1BDB7AF500CD1B22 /* Frameworks */,
				776F91CD1BDB7AF500CD1B22 /* Resources */,
			);
			buildRules = (
			);
			dependencies = (
			);
			name = SpendingTarget;
			productName = SpendingTarget;
			productReference = 776F91CF1BDB7AF500CD1B22 /* SpendingTarget.app */;
			productType = "com.apple.product-type.application";
		};
		776F91E31BDB7AF500CD1B22 /* SpendingTargetTests */ = {
			isa = PBXNativeTarget;
			buildConfigurationList = 776F91F11BDB7AF600CD1B22 /* Build configuration list for PBXNativeTarget "SpendingTargetTests" */;
			buildPhases = (
				776F91E01BDB7AF500CD1B22 /* Sources */,
				776F91E11BDB7AF500CD1B22 /* Frameworks */,
				776F91E21BDB7AF500CD1B22 /* Resources */,
			);
			buildRules = (
			);
			dependencies = (
				776F91E61BDB7AF500CD1B22 /* PBXTargetDependency */,
			);
			name = SpendingTargetTests;
			productName = SpendingTargetTests;
			productReference = 776F91E41BDB7AF500CD1B22 /* SpendingTargetTests.xctest */;
			productType = "com.apple.product-type.bundle.unit-test";
		};
/* End PBXNativeTarget section */

/* Begin PBXProject section */
		776F91C71BDB7AF500CD1B22 /* Project object */ = {
			isa = PBXProject;
			attributes = {
				LastSwiftUpdateCheck = 0710;
				LastUpgradeCheck = 0710;
				ORGANIZATIONNAME = CLM;
				TargetAttributes = {
					776F91CE1BDB7AF500CD1B22 = {
						CreatedOnToolsVersion = 6.1.1;
					};
					776F91E31BDB7AF500CD1B22 = {
						CreatedOnToolsVersion = 6.1.1;
						TestTargetID = 776F91CE1BDB7AF500CD1B22;
					};
				};
			};
			buildConfigurationList = 776F91CA1BDB7AF500CD1B22 /* Build configuration list for PBXProject "SpendingTarget" */;
			compatibilityVersion = "Xcode 3.2";
			developmentRegion = English;
			hasScannedForEncodings = 0;
			knownRegions = (
				en,
				Base,
			);
			mainGroup = 776F91C61BDB7AF500CD1B22;
			productRefGroup = 776F91D01BDB7AF500CD1B22 /* Products */;
			projectDirPath = "";
			projectReferences = (
				{
					ProductGroup = 77C778FB1BDBB2CF00C290E4 /* Products */;
					ProjectRef = 77C778FA1BDBB2CF00C290E4 /* Alamofire.xcodeproj */;
				},
			);
			projectRoot = "";
			targets = (
				776F91CE1BDB7AF500CD1B22 /* SpendingTarget */,
				776F91E31BDB7AF500CD1B22 /* SpendingTargetTests */,
			);
		};
/* End PBXProject section */

/* Begin PBXReferenceProxy section */
		77C779051BDBB2CF00C290E4 /* Alamofire.framework */ = {
			isa = PBXReferenceProxy;
			fileType = wrapper.framework;
			path = Alamofire.framework;
			remoteRef = 77C779041BDBB2CF00C290E4 /* PBXContainerItemProxy */;
			sourceTree = BUILT_PRODUCTS_DIR;
		};
		77C779071BDBB2CF00C290E4 /* Alamofire iOS Tests.xctest */ = {
			isa = PBXReferenceProxy;
			fileType = wrapper.cfbundle;
			path = "Alamofire iOS Tests.xctest";
			remoteRef = 77C779061BDBB2CF00C290E4 /* PBXContainerItemProxy */;
			sourceTree = BUILT_PRODUCTS_DIR;
		};
		77C779091BDBB2CF00C290E4 /* Alamofire.framework */ = {
			isa = PBXReferenceProxy;
			fileType = wrapper.framework;
			path = Alamofire.framework;
			remoteRef = 77C779081BDBB2CF00C290E4 /* PBXContainerItemProxy */;
			sourceTree = BUILT_PRODUCTS_DIR;
		};
		77C7790B1BDBB2CF00C290E4 /* Alamofire OSX Tests.xctest */ = {
			isa = PBXReferenceProxy;
			fileType = wrapper.cfbundle;
			path = "Alamofire OSX Tests.xctest";
			remoteRef = 77C7790A1BDBB2CF00C290E4 /* PBXContainerItemProxy */;
			sourceTree = BUILT_PRODUCTS_DIR;
		};
		77C7790D1BDBB2CF00C290E4 /* Alamofire.framework */ = {
			isa = PBXReferenceProxy;
			fileType = wrapper.framework;
			path = Alamofire.framework;
			remoteRef = 77C7790C1BDBB2CF00C290E4 /* PBXContainerItemProxy */;
			sourceTree = BUILT_PRODUCTS_DIR;
		};
		77C7790F1BDBB2CF00C290E4 /* Alamofire tvOS Tests.xctest */ = {
			isa = PBXReferenceProxy;
			fileType = wrapper.cfbundle;
			path = "Alamofire tvOS Tests.xctest";
			remoteRef = 77C7790E1BDBB2CF00C290E4 /* PBXContainerItemProxy */;
			sourceTree = BUILT_PRODUCTS_DIR;
		};
		77C779111BDBB2CF00C290E4 /* Alamofire.framework */ = {
			isa = PBXReferenceProxy;
			fileType = wrapper.framework;
			path = Alamofire.framework;
			remoteRef = 77C779101BDBB2CF00C290E4 /* PBXContainerItemProxy */;
			sourceTree = BUILT_PRODUCTS_DIR;
		};
/* End PBXReferenceProxy section */

/* Begin PBXResourcesBuildPhase section */
		776F91CD1BDB7AF500CD1B22 /* Resources */ = {
			isa = PBXResourcesBuildPhase;
			buildActionMask = 2147483647;
			files = (
				776F91DA1BDB7AF500CD1B22 /* Main.storyboard in Resources */,
				776F91DF1BDB7AF500CD1B22 /* LaunchScreen.xib in Resources */,
				776F91DC1BDB7AF500CD1B22 /* Images.xcassets in Resources */,
			);
			runOnlyForDeploymentPostprocessing = 0;
		};
		776F91E21BDB7AF500CD1B22 /* Resources */ = {
			isa = PBXResourcesBuildPhase;
			buildActionMask = 2147483647;
			files = (
			);
			runOnlyForDeploymentPostprocessing = 0;
		};
/* End PBXResourcesBuildPhase section */

/* Begin PBXSourcesBuildPhase section */
		776F91CB1BDB7AF500CD1B22 /* Sources */ = {
			isa = PBXSourcesBuildPhase;
			buildActionMask = 2147483647;
			files = (
				776F91D71BDB7AF500CD1B22 /* ViewController.swift in Sources */,
				776F91D51BDB7AF500CD1B22 /* AppDelegate.swift in Sources */,
				02AF341B1BDB8F7500892694 /* Product.swift in Sources */,
				77E22D0F1BDBA56900E65D8D /* SwiftyJSON.swift in Sources */,
				77E22D0D1BDBA4BC00E65D8D /* JSONfuncs.swift in Sources */,
			);
			runOnlyForDeploymentPostprocessing = 0;
		};
		776F91E01BDB7AF500CD1B22 /* Sources */ = {
			isa = PBXSourcesBuildPhase;
			buildActionMask = 2147483647;
			files = (
				776F91EB1BDB7AF600CD1B22 /* SpendingTargetTests.swift in Sources */,
			);
			runOnlyForDeploymentPostprocessing = 0;
		};
/* End PBXSourcesBuildPhase section */

/* Begin PBXTargetDependency section */
		776F91E61BDB7AF500CD1B22 /* PBXTargetDependency */ = {
			isa = PBXTargetDependency;
			target = 776F91CE1BDB7AF500CD1B22 /* SpendingTarget */;
			targetProxy = 776F91E51BDB7AF500CD1B22 /* PBXContainerItemProxy */;
		};
/* End PBXTargetDependency section */

/* Begin PBXVariantGroup section */
		776F91D81BDB7AF500CD1B22 /* Main.storyboard */ = {
			isa = PBXVariantGroup;
			children = (
				776F91D91BDB7AF500CD1B22 /* Base */,
			);
			name = Main.storyboard;
			sourceTree = "<group>";
		};
		776F91DD1BDB7AF500CD1B22 /* LaunchScreen.xib */ = {
			isa = PBXVariantGroup;
			children = (
				776F91DE1BDB7AF500CD1B22 /* Base */,
			);
			name = LaunchScreen.xib;
			sourceTree = "<group>";
		};
/* End PBXVariantGroup section */

/* Begin XCBuildConfiguration section */
		776F91EC1BDB7AF600CD1B22 /* Debug */ = {
			isa = XCBuildConfiguration;
			buildSettings = {
				ALWAYS_SEARCH_USER_PATHS = NO;
				CLANG_CXX_LANGUAGE_STANDARD = "gnu++0x";
				CLANG_CXX_LIBRARY = "libc++";
				CLANG_ENABLE_MODULES = YES;
				CLANG_ENABLE_OBJC_ARC = YES;
				CLANG_WARN_BOOL_CONVERSION = YES;
				CLANG_WARN_CONSTANT_CONVERSION = YES;
				CLANG_WARN_DIRECT_OBJC_ISA_USAGE = YES_ERROR;
				CLANG_WARN_EMPTY_BODY = YES;
				CLANG_WARN_ENUM_CONVERSION = YES;
				CLANG_WARN_INT_CONVERSION = YES;
				CLANG_WARN_OBJC_ROOT_CLASS = YES_ERROR;
				CLANG_WARN_UNREACHABLE_CODE = YES;
				CLANG_WARN__DUPLICATE_METHOD_MATCH = YES;
				"CODE_SIGN_IDENTITY[sdk=iphoneos*]" = "iPhone Developer";
				COPY_PHASE_STRIP = NO;
				ENABLE_STRICT_OBJC_MSGSEND = YES;
				ENABLE_TESTABILITY = YES;
				GCC_C_LANGUAGE_STANDARD = gnu99;
				GCC_DYNAMIC_NO_PIC = NO;
				GCC_OPTIMIZATION_LEVEL = 0;
				GCC_PREPROCESSOR_DEFINITIONS = (
					"DEBUG=1",
					"$(inherited)",
				);
				GCC_SYMBOLS_PRIVATE_EXTERN = NO;
				GCC_WARN_64_TO_32_BIT_CONVERSION = YES;
				GCC_WARN_ABOUT_RETURN_TYPE = YES_ERROR;
				GCC_WARN_UNDECLARED_SELECTOR = YES;
				GCC_WARN_UNINITIALIZED_AUTOS = YES_AGGRESSIVE;
				GCC_WARN_UNUSED_FUNCTION = YES;
				GCC_WARN_UNUSED_VARIABLE = YES;
				IPHONEOS_DEPLOYMENT_TARGET = 8.1;
				MTL_ENABLE_DEBUG_INFO = YES;
				ONLY_ACTIVE_ARCH = YES;
				SDKROOT = iphoneos;
				SWIFT_OPTIMIZATION_LEVEL = "-Onone";
				TARGETED_DEVICE_FAMILY = "1,2";
			};
			name = Debug;
		};
		776F91ED1BDB7AF600CD1B22 /* Release */ = {
			isa = XCBuildConfiguration;
			buildSettings = {
				ALWAYS_SEARCH_USER_PATHS = NO;
				CLANG_CXX_LANGUAGE_STANDARD = "gnu++0x";
				CLANG_CXX_LIBRARY = "libc++";
				CLANG_ENABLE_MODULES = YES;
				CLANG_ENABLE_OBJC_ARC = YES;
				CLANG_WARN_BOOL_CONVERSION = YES;
				CLANG_WARN_CONSTANT_CONVERSION = YES;
				CLANG_WARN_DIRECT_OBJC_ISA_USAGE = YES_ERROR;
				CLANG_WARN_EMPTY_BODY = YES;
				CLANG_WARN_ENUM_CONVERSION = YES;
				CLANG_WARN_INT_CONVERSION = YES;
				CLANG_WARN_OBJC_ROOT_CLASS = YES_ERROR;
				CLANG_WARN_UNREACHABLE_CODE = YES;
				CLANG_WARN__DUPLICATE_METHOD_MATCH = YES;
				"CODE_SIGN_IDENTITY[sdk=iphoneos*]" = "iPhone Developer";
				COPY_PHASE_STRIP = YES;
				ENABLE_NS_ASSERTIONS = NO;
				ENABLE_STRICT_OBJC_MSGSEND = YES;
				GCC_C_LANGUAGE_STANDARD = gnu99;
				GCC_WARN_64_TO_32_BIT_CONVERSION = YES;
				GCC_WARN_ABOUT_RETURN_TYPE = YES_ERROR;
				GCC_WARN_UNDECLARED_SELECTOR = YES;
				GCC_WARN_UNINITIALIZED_AUTOS = YES_AGGRESSIVE;
				GCC_WARN_UNUSED_FUNCTION = YES;
				GCC_WARN_UNUSED_VARIABLE = YES;
				IPHONEOS_DEPLOYMENT_TARGET = 8.1;
				MTL_ENABLE_DEBUG_INFO = NO;
				SDKROOT = iphoneos;
				TARGETED_DEVICE_FAMILY = "1,2";
				VALIDATE_PRODUCT = YES;
			};
			name = Release;
		};
		776F91EF1BDB7AF600CD1B22 /* Debug */ = {
			isa = XCBuildConfiguration;
			buildSettings = {
				ASSETCATALOG_COMPILER_APPICON_NAME = AppIcon;
				INFOPLIST_FILE = SpendingTarget/Info.plist;
				LD_RUNPATH_SEARCH_PATHS = "$(inherited) @executable_path/Frameworks";
				PRODUCT_BUNDLE_IDENTIFIER = "me.connick.$(PRODUCT_NAME:rfc1034identifier)";
				PRODUCT_NAME = "$(TARGET_NAME)";
				TARGETED_DEVICE_FAMILY = "1,2";
			};
			name = Debug;
		};
		776F91F01BDB7AF600CD1B22 /* Release */ = {
			isa = XCBuildConfiguration;
			buildSettings = {
				ASSETCATALOG_COMPILER_APPICON_NAME = AppIcon;
				INFOPLIST_FILE = SpendingTarget/Info.plist;
				LD_RUNPATH_SEARCH_PATHS = "$(inherited) @executable_path/Frameworks";
				PRODUCT_BUNDLE_IDENTIFIER = "me.connick.$(PRODUCT_NAME:rfc1034identifier)";
				PRODUCT_NAME = "$(TARGET_NAME)";
				TARGETED_DEVICE_FAMILY = "1,2";
			};
			name = Release;
		};
		776F91F21BDB7AF600CD1B22 /* Debug */ = {
			isa = XCBuildConfiguration;
			buildSettings = {
				BUNDLE_LOADER = "$(TEST_HOST)";
				FRAMEWORK_SEARCH_PATHS = (
					"$(SDKROOT)/Developer/Library/Frameworks",
					"$(inherited)",
				);
				GCC_PREPROCESSOR_DEFINITIONS = (
					"DEBUG=1",
					"$(inherited)",
				);
				INFOPLIST_FILE = SpendingTargetTests/Info.plist;
				LD_RUNPATH_SEARCH_PATHS = "$(inherited) @executable_path/Frameworks @loader_path/Frameworks";
				PRODUCT_BUNDLE_IDENTIFIER = "me.connick.$(PRODUCT_NAME:rfc1034identifier)";
				PRODUCT_NAME = "$(TARGET_NAME)";
				TEST_HOST = "$(BUILT_PRODUCTS_DIR)/SpendingTarget.app/SpendingTarget";
			};
			name = Debug;
		};
		776F91F31BDB7AF600CD1B22 /* Release */ = {
			isa = XCBuildConfiguration;
			buildSettings = {
				BUNDLE_LOADER = "$(TEST_HOST)";
				FRAMEWORK_SEARCH_PATHS = (
					"$(SDKROOT)/Developer/Library/Frameworks",
					"$(inherited)",
				);
				INFOPLIST_FILE = SpendingTargetTests/Info.plist;
				LD_RUNPATH_SEARCH_PATHS = "$(inherited) @executable_path/Frameworks @loader_path/Frameworks";
				PRODUCT_BUNDLE_IDENTIFIER = "me.connick.$(PRODUCT_NAME:rfc1034identifier)";
				PRODUCT_NAME = "$(TARGET_NAME)";
				TEST_HOST = "$(BUILT_PRODUCTS_DIR)/SpendingTarget.app/SpendingTarget";
			};
			name = Release;
		};
/* End XCBuildConfiguration section */

/* Begin XCConfigurationList section */
		776F91CA1BDB7AF500CD1B22 /* Build configuration list for PBXProject "SpendingTarget" */ = {
			isa = XCConfigurationList;
			buildConfigurations = (
				776F91EC1BDB7AF600CD1B22 /* Debug */,
				776F91ED1BDB7AF600CD1B22 /* Release */,
			);
			defaultConfigurationIsVisible = 0;
			defaultConfigurationName = Release;
		};
		776F91EE1BDB7AF600CD1B22 /* Build configuration list for PBXNativeTarget "SpendingTarget" */ = {
			isa = XCConfigurationList;
			buildConfigurations = (
				776F91EF1BDB7AF600CD1B22 /* Debug */,
				776F91F01BDB7AF600CD1B22 /* Release */,
			);
			defaultConfigurationIsVisible = 0;
			defaultConfigurationName = Release;
		};
		776F91F11BDB7AF600CD1B22 /* Build configuration list for PBXNativeTarget "SpendingTargetTests" */ = {
			isa = XCConfigurationList;
			buildConfigurations = (
				776F91F21BDB7AF600CD1B22 /* Debug */,
				776F91F31BDB7AF600CD1B22 /* Release */,
			);
			defaultConfigurationIsVisible = 0;
			defaultConfigurationName = Release;
		};
/* End XCConfigurationList section */
	};
	rootObject = 776F91C71BDB7AF500CD1B22 /* Project object */;
}
